
Microsoft Visual Studio Solution File, Format Version 12.00
# Visual Studio 14
VisualStudioVersion = 14.0.22512.0
MinimumVisualStudioVersion = 10.0.40219.1
Project("{FAE04EC0-301F-11D3-BF4B-00C04F79EFBC}") = "BuildingExpressions", "BuildingExpressions\BuildingExpressions.csproj", "{805E44B9-CC00-4EBF-B533-B067263B7CFA}"
EndProject
Project("{FAE04EC0-301F-11D3-BF4B-00C04F79EFBC}") = "BuildingExpressions.Contracts", "BuildingExpressions.Contracts\BuildingExpressions.Contracts.csproj", "{CD482376-E60D-4058-9ACF-7B6A066A5519}"
EndProject
Global
	GlobalSection(SolutionConfigurationPlatforms) = preSolution
		Debug|Any CPU = Debug|Any CPU
		Debug|x86 = Debug|x86
		Release|Any CPU = Release|Any CPU
		Release|x86 = Release|x86
	EndGlobalSection
	GlobalSection(ProjectConfigurationPlatforms) = postSolution
		{805E44B9-CC00-4EBF-B533-B067263B7CFA}.Debug|Any CPU.ActiveCfg = Debug|x86
		{805E44B9-CC00-4EBF-B533-B067263B7CFA}.Debug|x86.ActiveCfg = Debug|x86
		{805E44B9-CC00-4EBF-B533-B067263B7CFA}.Debug|x86.Build.0 = Debug|x86
		{805E44B9-CC00-4EBF-B533-B067263B7CFA}.Release|Any CPU.ActiveCfg = Release|x86
		{805E44B9-CC00-4EBF-B533-B067263B7CFA}.Release|x86.ActiveCfg = Release|x86
		{805E44B9-CC00-4EBF-B533-B067263B7CFA}.Release|x86.Build.0 = Release|x86
		{CD482376-E60D-4058-9ACF-7B6A066A5519}.Debug|Any CPU.ActiveCfg = Debug|Any CPU
		{CD482376-E60D-4058-9ACF-7B6A066A5519}.Debug|Any CPU.Build.0 = Debug|Any CPU
		{CD482376-E60D-4058-9ACF-7B6A066A5519}.Debug|x86.ActiveCfg = Debug|Any CPU
		{CD482376-E60D-4058-9ACF-7B6A066A5519}.Debug|x86.Build.0 = Debug|Any CPU
		{CD482376-E60D-4058-9ACF-7B6A066A5519}.Release|Any CPU.ActiveCfg = Release|Any CPU
		{CD482376-E60D-4058-9ACF-7B6A066A5519}.Release|Any CPU.Build.0 = Release|Any CPU
		{CD482376-E60D-4058-9ACF-7B6A066A5519}.Release|x86.ActiveCfg = Release|Any CPU
		{CD482376-E60D-4058-9ACF-7B6A066A5519}.Release|x86.Build.0 = Release|Any CPU
	EndGlobalSection
	GlobalSection(SolutionProperties) = preSolution
		HideSolutionNode = FALSE
	EndGlobalSection
EndGlobal
